<?xml version="1.0" encoding="UTF-8"?>
<CONFIG>
  <ProjectOptions>
    <Version Value="9"/>
    <PathDelim Value="\"/>
    <General>
      <SessionStorage Value="InProjectDir"/>
      <MainUnit Value="0"/>
      <Title Value="gassic"/>
      <ResourceType Value="res"/>
      <UseXPManifest Value="True"/>
      <Icon Value="0"/>
    </General>
    <i18n>
      <EnableI18N LFM="False"/>
    </i18n>
    <VersionInfo>
      <UseVersionInfo Value="True"/>
      <AutoIncrementBuild Value="True"/>
      <BuildNr Value="4"/>
      <Language Value="0419"/>
      <StringTable ProductVersion=""/>
    </VersionInfo>
    <BuildModes Count="1">
      <Item1 Name="Default" Default="True"/>
    </BuildModes>
    <PublishOptions>
      <Version Value="2"/>
      <IncludeFileFilter Value="*.(pas|pp|inc|lfm|lpr|lrs|lpi|lpk|sh|xml)"/>
      <ExcludeFileFilter Value="*.(bak|ppu|o|so);*~;backup"/>
    </PublishOptions>
    <RunParams>
      <local>
        <FormatVersion Value="1"/>
      </local>
    </RunParams>
    <RequiredPackages Count="1">
      <Item1>
        <PackageName Value="LCL"/>
      </Item1>
    </RequiredPackages>
    <Units Count="7">
      <Unit0>
        <Filename Value="gadc.lpr"/>
        <IsPartOfProject Value="True"/>
        <UnitName Value="gadc"/>
      </Unit0>
      <Unit1>
        <Filename Value="u_form_main.pas"/>
        <IsPartOfProject Value="True"/>
        <ComponentName Value="FgassicMain"/>
        <HasResources Value="True"/>
        <ResourceBaseClass Value="Form"/>
        <UnitName Value="u_form_main"/>
      </Unit1>
      <Unit2>
        <Filename Value="..\src\u_gassi_const.pas"/>
        <IsPartOfProject Value="True"/>
        <UnitName Value="u_gassi_const"/>
      </Unit2>
      <Unit3>
        <Filename Value="..\src\u_gassi_drawcontrol.pas"/>
        <IsPartOfProject Value="True"/>
        <UnitName Value="u_gassi_drawcontrol"/>
      </Unit3>
      <Unit4>
        <Filename Value="..\src\u_gassi_logicaldraw.pas"/>
        <IsPartOfProject Value="True"/>
        <UnitName Value="u_gassi_logicaldraw"/>
      </Unit4>
      <Unit5>
        <Filename Value="..\src\u_gassi_visualobjects.pas"/>
        <IsPartOfProject Value="True"/>
        <UnitName Value="u_gassi_visualobjects"/>
      </Unit5>
      <Unit6>
        <Filename Value="..\src\u_gassi_geometry.pas"/>
        <IsPartOfProject Value="True"/>
        <UnitName Value="u_gassi_geometry"/>
      </Unit6>
    </Units>
  </ProjectOptions>
  <CompilerOptions>
    <Version Value="11"/>
    <PathDelim Value="\"/>
    <Target>
      <Filename Value="gassic"/>
    </Target>
    <SearchPaths>
      <IncludeFiles Value="$(ProjOutDir)"/>
      <OtherUnitFiles Value="..\gassi;..\..\..\General;..\src;..\..\..\..\General"/>
      <UnitOutputDirectory Value="lib\$(TargetCPU)-$(TargetOS)"/>
    </SearchPaths>
    <CodeGeneration>
      <Optimizations>
        <OptimizationLevel Value="3"/>
      </Optimizations>
    </CodeGeneration>
    <Linking>
      <Debugging>
        <UseHeaptrc Value="True"/>
        <UseExternalDbgSyms Value="True"/>
      </Debugging>
      <Options>
        <Win32>
          <GraphicApplication Value="True"/>
        </Win32>
      </Options>
    </Linking>
    <Other>
      <CompilerMessages>
        <MsgFileName Value=""/>
      </CompilerMessages>
      <CompilerPath Value="$(CompPath)"/>
    </Other>
  </CompilerOptions>
  <Debugging>
    <Exceptions Count="3">
      <Item1>
        <Name Value="EAbort"/>
      </Item1>
      <Item2>
        <Name Value="ECodetoolError"/>
      </Item2>
      <Item3>
        <Name Value="EFOpenError"/>
      </Item3>
    </Exceptions>
  </Debugging>
</CONFIG>
